
Microsoft Visual Studio Solution File, Format Version 12.00
Project("{FAE04EC0-301F-11D3-BF4B-00C04F79EFBC}") = "News", "News\News.csproj", "{F4FCA6B0-F4F6-4DBF-9E46-14971AFA1124}"
EndProject
Global
	GlobalSection(SolutionConfigurationPlatforms) = preSolution
		Debug|Any CPU = Debug|Any CPU
		Release|Any CPU = Release|Any CPU
	EndGlobalSection
	GlobalSection(ProjectConfigurationPlatforms) = postSolution
		{F4FCA6B0-F4F6-4DBF-9E46-14971AFA1124}.Debug|Any CPU.ActiveCfg = Debug|Any CPU
		{F4FCA6B0-F4F6-4DBF-9E46-14971AFA1124}.Debug|Any CPU.Build.0 = Debug|Any CPU
		{F4FCA6B0-F4F6-4DBF-9E46-14971AFA1124}.Release|Any CPU.ActiveCfg = Release|Any CPU
		{F4FCA6B0-F4F6-4DBF-9E46-14971AFA1124}.Release|Any CPU.Build.0 = Release|Any CPU
	EndGlobalSection
EndGlobal
